
Microsoft Visual Studio Solution File, Format Version 12.00
# Visual Studio 15
VisualStudioVersion = 15.0.28307.779
MinimumVisualStudioVersion = 10.0.40219.1
Project("{FAE04EC0-301F-11D3-BF4B-00C04F79EFBC}") = "FeatureEnvyTest", "FeatureEnvyTest\FeatureEnvyTest.csproj", "{282EC1D6-403D-4F57-A01C-A6A9264881FE}"
EndProject
Global
	GlobalSection(SolutionConfigurationPlatforms) = preSolution
		Debug|Any CPU = Debug|Any CPU
		Release|Any CPU = Release|Any CPU
	EndGlobalSection
	GlobalSection(ProjectConfigurationPlatforms) = postSolution
		{282EC1D6-403D-4F57-A01C-A6A9264881FE}.Debug|Any CPU.ActiveCfg = Debug|Any CPU
		{282EC1D6-403D-4F57-A01C-A6A9264881FE}.Debug|Any CPU.Build.0 = Debug|Any CPU
		{282EC1D6-403D-4F57-A01C-A6A9264881FE}.Release|Any CPU.ActiveCfg = Release|Any CPU
		{282EC1D6-403D-4F57-A01C-A6A9264881FE}.Release|Any CPU.Build.0 = Release|Any CPU
	EndGlobalSection
	GlobalSection(SolutionProperties) = preSolution
		HideSolutionNode = FALSE
	EndGlobalSection
	GlobalSection(ExtensibilityGlobals) = postSolution
		SolutionGuid = {44F25CBF-A8DD-4E72-BBC8-C8AFDF892692}
	EndGlobalSection
EndGlobal
